
Microsoft Visual Studio Solution File, Format Version 12.00
# Visual Studio Version 17
VisualStudioVersion = 17.7.34024.191
MinimumVisualStudioVersion = 10.0.40219.1
Project("{9A19103F-16F7-4668-BE54-9A1E7A4F7556}") = "FIDS", "FIDS\FIDS.csproj", "{0D0EE5AD-11C3-49CD-8D5A-A802307990ED}"
EndProject
Project("{9A19103F-16F7-4668-BE54-9A1E7A4F7556}") = "FlyRejser", "FlyRejser\FlyRejser.csproj", "{E03E11EA-68B1-47D8-9E1F-55FA6E1A0124}"
EndProject
Project("{9A19103F-16F7-4668-BE54-9A1E7A4F7556}") = "Fly", "Fly\Fly.csproj", "{CEE16622-4BE5-45D5-AE18-274441636928}"
EndProject
Project("{9A19103F-16F7-4668-BE54-9A1E7A4F7556}") = "WorkerFIDS", "WorkerFIDS\WorkerFIDS.csproj", "{22984119-787A-4AFC-A910-979BCD227460}"
EndProject
Project("{9A19103F-16F7-4668-BE54-9A1E7A4F7556}") = "FlyPlusJourneyContentEnricher", "FlyPlusJourneyContentEnricher\FlyPlusJourneyContentEnricher.csproj", "{17637CA6-8638-4CE6-8027-4212E8639273}"
EndProject
Project("{E53339B2-1760-4266-BCC7-CA923CBCF16C}") = "docker-compose", "docker-compose.dcproj", "{208D36E4-79F6-4AE3-8274-ADBB56F57ED0}"
EndProject
Project("{9A19103F-16F7-4668-BE54-9A1E7A4F7556}") = "Fly.Tests", "Fly.Tests\Fly.Tests.csproj", "{28FE0D49-4C1D-4DB4-A171-74C0EBECEECF}"
	ProjectSection(ProjectDependencies) = postProject
		{17637CA6-8638-4CE6-8027-4212E8639273} = {17637CA6-8638-4CE6-8027-4212E8639273}
	EndProjectSection
EndProject
Global
	GlobalSection(SolutionConfigurationPlatforms) = preSolution
		Debug|Any CPU = Debug|Any CPU
		Release|Any CPU = Release|Any CPU
	EndGlobalSection
	GlobalSection(ProjectConfigurationPlatforms) = postSolution
		{0D0EE5AD-11C3-49CD-8D5A-A802307990ED}.Debug|Any CPU.ActiveCfg = Debug|Any CPU
		{0D0EE5AD-11C3-49CD-8D5A-A802307990ED}.Debug|Any CPU.Build.0 = Debug|Any CPU
		{0D0EE5AD-11C3-49CD-8D5A-A802307990ED}.Release|Any CPU.ActiveCfg = Release|Any CPU
		{0D0EE5AD-11C3-49CD-8D5A-A802307990ED}.Release|Any CPU.Build.0 = Release|Any CPU
		{E03E11EA-68B1-47D8-9E1F-55FA6E1A0124}.Debug|Any CPU.ActiveCfg = Debug|Any CPU
		{E03E11EA-68B1-47D8-9E1F-55FA6E1A0124}.Debug|Any CPU.Build.0 = Debug|Any CPU
		{E03E11EA-68B1-47D8-9E1F-55FA6E1A0124}.Release|Any CPU.ActiveCfg = Release|Any CPU
		{E03E11EA-68B1-47D8-9E1F-55FA6E1A0124}.Release|Any CPU.Build.0 = Release|Any CPU
		{CEE16622-4BE5-45D5-AE18-274441636928}.Debug|Any CPU.ActiveCfg = Debug|Any CPU
		{CEE16622-4BE5-45D5-AE18-274441636928}.Debug|Any CPU.Build.0 = Debug|Any CPU
		{CEE16622-4BE5-45D5-AE18-274441636928}.Release|Any CPU.ActiveCfg = Release|Any CPU
		{CEE16622-4BE5-45D5-AE18-274441636928}.Release|Any CPU.Build.0 = Release|Any CPU
		{22984119-787A-4AFC-A910-979BCD227460}.Debug|Any CPU.ActiveCfg = Debug|Any CPU
		{22984119-787A-4AFC-A910-979BCD227460}.Debug|Any CPU.Build.0 = Debug|Any CPU
		{22984119-787A-4AFC-A910-979BCD227460}.Release|Any CPU.ActiveCfg = Release|Any CPU
		{22984119-787A-4AFC-A910-979BCD227460}.Release|Any CPU.Build.0 = Release|Any CPU
		{17637CA6-8638-4CE6-8027-4212E8639273}.Debug|Any CPU.ActiveCfg = Debug|Any CPU
		{17637CA6-8638-4CE6-8027-4212E8639273}.Debug|Any CPU.Build.0 = Debug|Any CPU
		{17637CA6-8638-4CE6-8027-4212E8639273}.Release|Any CPU.ActiveCfg = Release|Any CPU
		{17637CA6-8638-4CE6-8027-4212E8639273}.Release|Any CPU.Build.0 = Release|Any CPU
		{208D36E4-79F6-4AE3-8274-ADBB56F57ED0}.Debug|Any CPU.ActiveCfg = Debug|Any CPU
		{208D36E4-79F6-4AE3-8274-ADBB56F57ED0}.Debug|Any CPU.Build.0 = Debug|Any CPU
		{208D36E4-79F6-4AE3-8274-ADBB56F57ED0}.Release|Any CPU.ActiveCfg = Release|Any CPU
		{208D36E4-79F6-4AE3-8274-ADBB56F57ED0}.Release|Any CPU.Build.0 = Release|Any CPU
		{28FE0D49-4C1D-4DB4-A171-74C0EBECEECF}.Debug|Any CPU.ActiveCfg = Debug|Any CPU
		{28FE0D49-4C1D-4DB4-A171-74C0EBECEECF}.Debug|Any CPU.Build.0 = Debug|Any CPU
		{28FE0D49-4C1D-4DB4-A171-74C0EBECEECF}.Release|Any CPU.ActiveCfg = Release|Any CPU
		{28FE0D49-4C1D-4DB4-A171-74C0EBECEECF}.Release|Any CPU.Build.0 = Release|Any CPU
	EndGlobalSection
	GlobalSection(SolutionProperties) = preSolution
		HideSolutionNode = FALSE
	EndGlobalSection
	GlobalSection(ExtensibilityGlobals) = postSolution
		SolutionGuid = {1BF88792-F089-4C17-800F-D8968ADBFE9B}
	EndGlobalSection
EndGlobal
